
Microsoft Visual Studio Solution File, Format Version 12.00
# Visual Studio Version 17
VisualStudioVersion = 17.10.34916.146
MinimumVisualStudioVersion = 10.0.40219.1
Project("{9A19103F-16F7-4668-BE54-9A1E7A4F7556}") = "Summer2024_Project", "Summer2024_Project\Summer2024_Project.csproj", "{285B2B80-B0F4-4E18-AE48-DD3535A1A948}"
EndProject
Project("{FAE04EC0-301F-11D3-BF4B-00C04F79EFBC}") = "CRM.Library", "CRM.Library\CRM.Library.csproj", "{07070E4B-7D93-4CAD-87B0-7A0BB4293D8C}"
EndProject
Global
	GlobalSection(SolutionConfigurationPlatforms) = preSolution
		Debug|Any CPU = Debug|Any CPU
		Release|Any CPU = Release|Any CPU
	EndGlobalSection
	GlobalSection(ProjectConfigurationPlatforms) = postSolution
		{285B2B80-B0F4-4E18-AE48-DD3535A1A948}.Debug|Any CPU.ActiveCfg = Debug|Any CPU
		{285B2B80-B0F4-4E18-AE48-DD3535A1A948}.Debug|Any CPU.Build.0 = Debug|Any CPU
		{285B2B80-B0F4-4E18-AE48-DD3535A1A948}.Release|Any CPU.ActiveCfg = Release|Any CPU
		{285B2B80-B0F4-4E18-AE48-DD3535A1A948}.Release|Any CPU.Build.0 = Release|Any CPU
		{07070E4B-7D93-4CAD-87B0-7A0BB4293D8C}.Debug|Any CPU.ActiveCfg = Debug|Any CPU
		{07070E4B-7D93-4CAD-87B0-7A0BB4293D8C}.Debug|Any CPU.Build.0 = Debug|Any CPU
		{07070E4B-7D93-4CAD-87B0-7A0BB4293D8C}.Release|Any CPU.ActiveCfg = Release|Any CPU
		{07070E4B-7D93-4CAD-87B0-7A0BB4293D8C}.Release|Any CPU.Build.0 = Release|Any CPU
	EndGlobalSection
	GlobalSection(SolutionProperties) = preSolution
		HideSolutionNode = FALSE
	EndGlobalSection
	GlobalSection(ExtensibilityGlobals) = postSolution
		SolutionGuid = {ED4813C7-AB6E-4F58-80F9-835CB0424EBF}
	EndGlobalSection
EndGlobal
